
Microsoft Visual Studio Solution File, Format Version 12.00
# Visual Studio Version 17
VisualStudioVersion = 17.3.32901.215
MinimumVisualStudioVersion = 10.0.40219.1
Project("{FAE04EC0-301F-11D3-BF4B-00C04F79EFBC}") = "Lab 4.2", "Lab 4.2\Lab 4.2.csproj", "{10E21B1B-6563-4AF8-B28F-B486861C0540}"
EndProject
Global
	GlobalSection(SolutionConfigurationPlatforms) = preSolution
		Debug|Any CPU = Debug|Any CPU
		Release|Any CPU = Release|Any CPU
	EndGlobalSection
	GlobalSection(ProjectConfigurationPlatforms) = postSolution
		{10E21B1B-6563-4AF8-B28F-B486861C0540}.Debug|Any CPU.ActiveCfg = Debug|Any CPU
		{10E21B1B-6563-4AF8-B28F-B486861C0540}.Debug|Any CPU.Build.0 = Debug|Any CPU
		{10E21B1B-6563-4AF8-B28F-B486861C0540}.Release|Any CPU.ActiveCfg = Release|Any CPU
		{10E21B1B-6563-4AF8-B28F-B486861C0540}.Release|Any CPU.Build.0 = Release|Any CPU
	EndGlobalSection
	GlobalSection(SolutionProperties) = preSolution
		HideSolutionNode = FALSE
	EndGlobalSection
	GlobalSection(ExtensibilityGlobals) = postSolution
		SolutionGuid = {BD6A89AF-CFF8-4B5F-B188-55DD187E759B}
	EndGlobalSection
EndGlobal
